
Microsoft Visual Studio Solution File, Format Version 12.00
# Visual Studio Version 16
VisualStudioVersion = 16.0.29123.88
MinimumVisualStudioVersion = 10.0.40219.1
Project("{FAE04EC0-301F-11D3-BF4B-00C04F79EFBC}") = "Cw2", "Cw2\Cw2.csproj", "{F7D0AAA9-76E8-40F2-BA4B-355E3E72FDBC}"
EndProject
Global
	GlobalSection(SolutionConfigurationPlatforms) = preSolution
		Debug|Any CPU = Debug|Any CPU
		Release|Any CPU = Release|Any CPU
	EndGlobalSection
	GlobalSection(ProjectConfigurationPlatforms) = postSolution
		{F7D0AAA9-76E8-40F2-BA4B-355E3E72FDBC}.Debug|Any CPU.ActiveCfg = Debug|Any CPU
		{F7D0AAA9-76E8-40F2-BA4B-355E3E72FDBC}.Debug|Any CPU.Build.0 = Debug|Any CPU
		{F7D0AAA9-76E8-40F2-BA4B-355E3E72FDBC}.Release|Any CPU.ActiveCfg = Release|Any CPU
		{F7D0AAA9-76E8-40F2-BA4B-355E3E72FDBC}.Release|Any CPU.Build.0 = Release|Any CPU
	EndGlobalSection
	GlobalSection(SolutionProperties) = preSolution
		HideSolutionNode = FALSE
	EndGlobalSection
	GlobalSection(ExtensibilityGlobals) = postSolution
		SolutionGuid = {BF370BCF-E682-4ED2-BD34-91BC9AE1FB64}
	EndGlobalSection
EndGlobal
